
Microsoft Visual Studio Solution File, Format Version 12.00
# Visual Studio Version 16
VisualStudioVersion = 16.0.32228.343
MinimumVisualStudioVersion = 10.0.40219.1
Project("{2150E333-8FDC-42A3-9474-1A3956D46DE8}") = "Services", "Services", "{2C8608D9-85A0-4E86-9DFF-252EFB108480}"
EndProject
Project("{9A19103F-16F7-4668-BE54-9A1E7A4F7556}") = "Contact.API", "Contact.API\Contact.API.csproj", "{F1957E87-D711-4E51-9787-7ADB66BC9D07}"
EndProject
Project("{9A19103F-16F7-4668-BE54-9A1E7A4F7556}") = "Reservation.API", "Reservation.API\Reservation.API.csproj", "{77E93A08-C0F9-405E-96E3-D51734FB47BF}"
EndProject
Project("{2150E333-8FDC-42A3-9474-1A3956D46DE8}") = "ContactAPI", "ContactAPI", "{53420A9B-B0AE-4FCA-8A9B-1F70F6305069}"
EndProject
Project("{2150E333-8FDC-42A3-9474-1A3956D46DE8}") = "ReservationAPI", "ReservationAPI", "{3F3F9D0C-0EAA-43F9-82A5-F2950B2E078B}"
EndProject
Project("{9A19103F-16F7-4668-BE54-9A1E7A4F7556}") = "ContactAPI.Infrastructure", "ContactAPI.Infrastructure\ContactAPI.Infrastructure.csproj", "{2583B9CF-6B1B-45D6-A8BD-E3D5F845D966}"
EndProject
Project("{9A19103F-16F7-4668-BE54-9A1E7A4F7556}") = "ContactAPI.Models", "ContactAPI.Models\ContactAPI.Models.csproj", "{030ADFDC-E6AD-48FA-877F-81BA04083942}"
EndProject
Project("{9A19103F-16F7-4668-BE54-9A1E7A4F7556}") = "ContactAPI.Services", "ContactAPI.Services\ContactAPI.Services.csproj", "{E3450724-C1F2-4312-B8C4-DE58318CEFCF}"
EndProject
Project("{9A19103F-16F7-4668-BE54-9A1E7A4F7556}") = "ReservationAPI.Infrastructure", "ReservationAPI.Infrastructure\ReservationAPI.Infrastructure.csproj", "{912954F5-B8BD-46DE-B7AF-B5F994DA0B04}"
EndProject
Project("{9A19103F-16F7-4668-BE54-9A1E7A4F7556}") = "ReservationAPI.Models", "ReservationAPI.Models\ReservationAPI.Models.csproj", "{F69F55DF-A2D0-4A95-9504-69EF5C171DC8}"
EndProject
Project("{9A19103F-16F7-4668-BE54-9A1E7A4F7556}") = "ReservationAPI.Service", "ReservationAPI.Service\ReservationAPI.Service.csproj", "{5FE03DD2-B974-49BE-857B-0DBE4B059D29}"
EndProject
Project("{FAE04EC0-301F-11D3-BF4B-00C04F79EFBC}") = "GatewayAPI", "GatewayAPI\GatewayAPI.csproj", "{6E21C48E-CE3A-4B0B-AA91-648B90F5D83B}"
EndProject
Global
	GlobalSection(SolutionConfigurationPlatforms) = preSolution
		Debug|Any CPU = Debug|Any CPU
		Release|Any CPU = Release|Any CPU
	EndGlobalSection
	GlobalSection(ProjectConfigurationPlatforms) = postSolution
		{F1957E87-D711-4E51-9787-7ADB66BC9D07}.Debug|Any CPU.ActiveCfg = Debug|Any CPU
		{F1957E87-D711-4E51-9787-7ADB66BC9D07}.Debug|Any CPU.Build.0 = Debug|Any CPU
		{F1957E87-D711-4E51-9787-7ADB66BC9D07}.Release|Any CPU.ActiveCfg = Release|Any CPU
		{F1957E87-D711-4E51-9787-7ADB66BC9D07}.Release|Any CPU.Build.0 = Release|Any CPU
		{77E93A08-C0F9-405E-96E3-D51734FB47BF}.Debug|Any CPU.ActiveCfg = Debug|Any CPU
		{77E93A08-C0F9-405E-96E3-D51734FB47BF}.Debug|Any CPU.Build.0 = Debug|Any CPU
		{77E93A08-C0F9-405E-96E3-D51734FB47BF}.Release|Any CPU.ActiveCfg = Release|Any CPU
		{77E93A08-C0F9-405E-96E3-D51734FB47BF}.Release|Any CPU.Build.0 = Release|Any CPU
		{2583B9CF-6B1B-45D6-A8BD-E3D5F845D966}.Debug|Any CPU.ActiveCfg = Debug|Any CPU
		{2583B9CF-6B1B-45D6-A8BD-E3D5F845D966}.Debug|Any CPU.Build.0 = Debug|Any CPU
		{2583B9CF-6B1B-45D6-A8BD-E3D5F845D966}.Release|Any CPU.ActiveCfg = Release|Any CPU
		{2583B9CF-6B1B-45D6-A8BD-E3D5F845D966}.Release|Any CPU.Build.0 = Release|Any CPU
		{030ADFDC-E6AD-48FA-877F-81BA04083942}.Debug|Any CPU.ActiveCfg = Debug|Any CPU
		{030ADFDC-E6AD-48FA-877F-81BA04083942}.Debug|Any CPU.Build.0 = Debug|Any CPU
		{030ADFDC-E6AD-48FA-877F-81BA04083942}.Release|Any CPU.ActiveCfg = Release|Any CPU
		{030ADFDC-E6AD-48FA-877F-81BA04083942}.Release|Any CPU.Build.0 = Release|Any CPU
		{E3450724-C1F2-4312-B8C4-DE58318CEFCF}.Debug|Any CPU.ActiveCfg = Debug|Any CPU
		{E3450724-C1F2-4312-B8C4-DE58318CEFCF}.Debug|Any CPU.Build.0 = Debug|Any CPU
		{E3450724-C1F2-4312-B8C4-DE58318CEFCF}.Release|Any CPU.ActiveCfg = Release|Any CPU
		{E3450724-C1F2-4312-B8C4-DE58318CEFCF}.Release|Any CPU.Build.0 = Release|Any CPU
		{912954F5-B8BD-46DE-B7AF-B5F994DA0B04}.Debug|Any CPU.ActiveCfg = Debug|Any CPU
		{912954F5-B8BD-46DE-B7AF-B5F994DA0B04}.Debug|Any CPU.Build.0 = Debug|Any CPU
		{912954F5-B8BD-46DE-B7AF-B5F994DA0B04}.Release|Any CPU.ActiveCfg = Release|Any CPU
		{912954F5-B8BD-46DE-B7AF-B5F994DA0B04}.Release|Any CPU.Build.0 = Release|Any CPU
		{F69F55DF-A2D0-4A95-9504-69EF5C171DC8}.Debug|Any CPU.ActiveCfg = Debug|Any CPU
		{F69F55DF-A2D0-4A95-9504-69EF5C171DC8}.Debug|Any CPU.Build.0 = Debug|Any CPU
		{F69F55DF-A2D0-4A95-9504-69EF5C171DC8}.Release|Any CPU.ActiveCfg = Release|Any CPU
		{F69F55DF-A2D0-4A95-9504-69EF5C171DC8}.Release|Any CPU.Build.0 = Release|Any CPU
		{5FE03DD2-B974-49BE-857B-0DBE4B059D29}.Debug|Any CPU.ActiveCfg = Debug|Any CPU
		{5FE03DD2-B974-49BE-857B-0DBE4B059D29}.Debug|Any CPU.Build.0 = Debug|Any CPU
		{5FE03DD2-B974-49BE-857B-0DBE4B059D29}.Release|Any CPU.ActiveCfg = Release|Any CPU
		{5FE03DD2-B974-49BE-857B-0DBE4B059D29}.Release|Any CPU.Build.0 = Release|Any CPU
		{6E21C48E-CE3A-4B0B-AA91-648B90F5D83B}.Debug|Any CPU.ActiveCfg = Debug|Any CPU
		{6E21C48E-CE3A-4B0B-AA91-648B90F5D83B}.Debug|Any CPU.Build.0 = Debug|Any CPU
		{6E21C48E-CE3A-4B0B-AA91-648B90F5D83B}.Release|Any CPU.ActiveCfg = Release|Any CPU
		{6E21C48E-CE3A-4B0B-AA91-648B90F5D83B}.Release|Any CPU.Build.0 = Release|Any CPU
	EndGlobalSection
	GlobalSection(SolutionProperties) = preSolution
		HideSolutionNode = FALSE
	EndGlobalSection
	GlobalSection(NestedProjects) = preSolution
		{F1957E87-D711-4E51-9787-7ADB66BC9D07} = {53420A9B-B0AE-4FCA-8A9B-1F70F6305069}
		{77E93A08-C0F9-405E-96E3-D51734FB47BF} = {3F3F9D0C-0EAA-43F9-82A5-F2950B2E078B}
		{53420A9B-B0AE-4FCA-8A9B-1F70F6305069} = {2C8608D9-85A0-4E86-9DFF-252EFB108480}
		{3F3F9D0C-0EAA-43F9-82A5-F2950B2E078B} = {2C8608D9-85A0-4E86-9DFF-252EFB108480}
		{2583B9CF-6B1B-45D6-A8BD-E3D5F845D966} = {53420A9B-B0AE-4FCA-8A9B-1F70F6305069}
		{030ADFDC-E6AD-48FA-877F-81BA04083942} = {53420A9B-B0AE-4FCA-8A9B-1F70F6305069}
		{E3450724-C1F2-4312-B8C4-DE58318CEFCF} = {53420A9B-B0AE-4FCA-8A9B-1F70F6305069}
		{912954F5-B8BD-46DE-B7AF-B5F994DA0B04} = {3F3F9D0C-0EAA-43F9-82A5-F2950B2E078B}
		{F69F55DF-A2D0-4A95-9504-69EF5C171DC8} = {3F3F9D0C-0EAA-43F9-82A5-F2950B2E078B}
		{5FE03DD2-B974-49BE-857B-0DBE4B059D29} = {3F3F9D0C-0EAA-43F9-82A5-F2950B2E078B}
	EndGlobalSection
	GlobalSection(ExtensibilityGlobals) = postSolution
		SolutionGuid = {9F2941CD-B242-471F-B7F2-509B3E206FE5}
	EndGlobalSection
EndGlobal
